// !$*UTF8*$!
{
	archiveVersion = 1;
	classes = {
	};
	objectVersion = 46;
	objects = {

/* Begin PBXBuildFile section */
		11260FF3D0626831C3CDAA92 /* Pods_Philips_Hue.framework in Frameworks */ = {isa = PBXBuildFile; fileRef = 124B6B9C32F4EB517D9195B9 /* Pods_Philips_Hue.framework */; };
		DC80702D1DAFFAA90013DBC9 /* AddBridgeViewController.swift in Sources */ = {isa = PBXBuildFile; fileRef = DC80702C1DAFFAA90013DBC9 /* AddBridgeViewController.swift */; };
		DC9AF7041DA79A7C0041DA5E /* HueCell.swift in Sources */ = {isa = PBXBuildFile; fileRef = DC9AF7031DA79A7C0041DA5E /* HueCell.swift */; };
		DCA14B601DAFD0650086E53D /* HueBridge.swift in Sources */ = {isa = PBXBuildFile; fileRef = DCA14B5F1DAFD0650086E53D /* HueBridge.swift */; };
		DCA14B691DAFD0E80086E53D /* BridgeViewController.swift in Sources */ = {isa = PBXBuildFile; fileRef = DCA14B681DAFD0E80086E53D /* BridgeViewController.swift */; };
		DCA14B6B1DAFD74B0086E53D /* HueDatabaseHelper.swift in Sources */ = {isa = PBXBuildFile; fileRef = DCA14B6A1DAFD74B0086E53D /* HueDatabaseHelper.swift */; };
		DCA14B6E1DAFD7C60086E53D /* libsqlite3.0.tbd in Frameworks */ = {isa = PBXBuildFile; fileRef = DCA14B6C1DAFD7C60086E53D /* libsqlite3.0.tbd */; };
		DCA14B6F1DAFD7C60086E53D /* libsqlite3.tbd in Frameworks */ = {isa = PBXBuildFile; fileRef = DCA14B6D1DAFD7C60086E53D /* libsqlite3.tbd */; };
		DCC69EB61D9E4A60006C1F64 /* AppDelegate.swift in Sources */ = {isa = PBXBuildFile; fileRef = DCC69EB51D9E4A60006C1F64 /* AppDelegate.swift */; };
		DCC69EB81D9E4A60006C1F64 /* ViewController.swift in Sources */ = {isa = PBXBuildFile; fileRef = DCC69EB71D9E4A60006C1F64 /* ViewController.swift */; };
		DCC69EBB1D9E4A60006C1F64 /* Main.storyboard in Resources */ = {isa = PBXBuildFile; fileRef = DCC69EB91D9E4A60006C1F64 /* Main.storyboard */; };
		DCC69EBD1D9E4A60006C1F64 /* Assets.xcassets in Resources */ = {isa = PBXBuildFile; fileRef = DCC69EBC1D9E4A60006C1F64 /* Assets.xcassets */; };
		DCC69EC01D9E4A60006C1F64 /* LaunchScreen.storyboard in Resources */ = {isa = PBXBuildFile; fileRef = DCC69EBE1D9E4A60006C1F64 /* LaunchScreen.storyboard */; };
		DCC69EC81D9E4B5E006C1F64 /* HueLamp.swift in Sources */ = {isa = PBXBuildFile; fileRef = DCC69EC71D9E4B5E006C1F64 /* HueLamp.swift */; };
		DCC69ECA1D9E4C1D006C1F64 /* DetailViewController.swift in Sources */ = {isa = PBXBuildFile; fileRef = DCC69EC91D9E4C1D006C1F64 /* DetailViewController.swift */; };
		DCE5CA781D9E87CA00AA3C14 /* Alamofire.framework in Frameworks */ = {isa = PBXBuildFile; fileRef = DCE5CA6B1D9E863500AA3C14 /* Alamofire.framework */; };
		DCE5CA791D9E87CA00AA3C14 /* Alamofire.framework in Embed Frameworks */ = {isa = PBXBuildFile; fileRef = DCE5CA6B1D9E863500AA3C14 /* Alamofire.framework */; settings = {ATTRIBUTES = (CodeSignOnCopy, RemoveHeadersOnCopy, ); }; };
		DCFC0B311DB50F7700A937AE /* huebridges.sqlite in Resources */ = {isa = PBXBuildFile; fileRef = DCFC0B301DB50F7700A937AE /* huebridges.sqlite */; };
/* End PBXBuildFile section */

/* Begin PBXContainerItemProxy section */
		DCE5CA6A1D9E863500AA3C14 /* PBXContainerItemProxy */ = {
			isa = PBXContainerItemProxy;
			containerPortal = DCE5CA5F1D9E863500AA3C14 /* Alamofire.xcodeproj */;
			proxyType = 2;
			remoteGlobalIDString = F8111E3319A95C8B0040E7D1;
			remoteInfo = "Alamofire iOS";
		};
		DCE5CA6C1D9E863500AA3C14 /* PBXContainerItemProxy */ = {
			isa = PBXContainerItemProxy;
			containerPortal = DCE5CA5F1D9E863500AA3C14 /* Alamofire.xcodeproj */;
			proxyType = 2;
			remoteGlobalIDString = F8111E3E19A95C8B0040E7D1;
			remoteInfo = "Alamofire iOS Tests";
		};
		DCE5CA6E1D9E863500AA3C14 /* PBXContainerItemProxy */ = {
			isa = PBXContainerItemProxy;
			containerPortal = DCE5CA5F1D9E863500AA3C14 /* Alamofire.xcodeproj */;
			proxyType = 2;
			remoteGlobalIDString = 4DD67C0B1A5C55C900ED2280;
			remoteInfo = "Alamofire macOS";
		};
		DCE5CA701D9E863500AA3C14 /* PBXContainerItemProxy */ = {
			isa = PBXContainerItemProxy;
			containerPortal = DCE5CA5F1D9E863500AA3C14 /* Alamofire.xcodeproj */;
			proxyType = 2;
			remoteGlobalIDString = F829C6B21A7A94F100A2CD59;
			remoteInfo = "Alamofire macOS Tests";
		};
		DCE5CA721D9E863500AA3C14 /* PBXContainerItemProxy */ = {
			isa = PBXContainerItemProxy;
			containerPortal = DCE5CA5F1D9E863500AA3C14 /* Alamofire.xcodeproj */;
			proxyType = 2;
			remoteGlobalIDString = 4CF626EF1BA7CB3E0011A099;
			remoteInfo = "Alamofire tvOS";
		};
		DCE5CA741D9E863500AA3C14 /* PBXContainerItemProxy */ = {
			isa = PBXContainerItemProxy;
			containerPortal = DCE5CA5F1D9E863500AA3C14 /* Alamofire.xcodeproj */;
			proxyType = 2;
			remoteGlobalIDString = 4CF626F81BA7CB3E0011A099;
			remoteInfo = "Alamofire tvOS Tests";
		};
		DCE5CA761D9E863500AA3C14 /* PBXContainerItemProxy */ = {
			isa = PBXContainerItemProxy;
			containerPortal = DCE5CA5F1D9E863500AA3C14 /* Alamofire.xcodeproj */;
			proxyType = 2;
			remoteGlobalIDString = E4202FE01B667AA100C997FB;
			remoteInfo = "Alamofire watchOS";
		};
		DCE5CA7A1D9E87CB00AA3C14 /* PBXContainerItemProxy */ = {
			isa = PBXContainerItemProxy;
			containerPortal = DCE5CA5F1D9E863500AA3C14 /* Alamofire.xcodeproj */;
			proxyType = 1;
			remoteGlobalIDString = F8111E3219A95C8B0040E7D1;
			remoteInfo = "Alamofire iOS";
		};
/* End PBXContainerItemProxy section */

/* Begin PBXCopyFilesBuildPhase section */
		DCE5CA7C1D9E87CB00AA3C14 /* Embed Frameworks */ = {
			isa = PBXCopyFilesBuildPhase;
			buildActionMask = 2147483647;
			dstPath = "";
			dstSubfolderSpec = 10;
			files = (
				DCE5CA791D9E87CA00AA3C14 /* Alamofire.framework in Embed Frameworks */,
			);
			name = "Embed Frameworks";
			runOnlyForDeploymentPostprocessing = 0;
		};
/* End PBXCopyFilesBuildPhase section */

/* Begin PBXFileReference section */
		029FDF90ECC7D2F79E46995D /* Pods-Philips Hue.release.xcconfig */ = {isa = PBXFileReference; includeInIndex = 1; lastKnownFileType = text.xcconfig; name = "Pods-Philips Hue.release.xcconfig"; path = "Pods/Target Support Files/Pods-Philips Hue/Pods-Philips Hue.release.xcconfig"; sourceTree = "<group>"; };
		124B6B9C32F4EB517D9195B9 /* Pods_Philips_Hue.framework */ = {isa = PBXFileReference; explicitFileType = wrapper.framework; includeInIndex = 0; path = Pods_Philips_Hue.framework; sourceTree = BUILT_PRODUCTS_DIR; };
		AB44C41690E6E2881165D301 /* Pods-Philips Hue.debug.xcconfig */ = {isa = PBXFileReference; includeInIndex = 1; lastKnownFileType = text.xcconfig; name = "Pods-Philips Hue.debug.xcconfig"; path = "Pods/Target Support Files/Pods-Philips Hue/Pods-Philips Hue.debug.xcconfig"; sourceTree = "<group>"; };
		DC80702C1DAFFAA90013DBC9 /* AddBridgeViewController.swift */ = {isa = PBXFileReference; fileEncoding = 4; lastKnownFileType = sourcecode.swift; path = AddBridgeViewController.swift; sourceTree = "<group>"; };
		DC9AF7031DA79A7C0041DA5E /* HueCell.swift */ = {isa = PBXFileReference; fileEncoding = 4; lastKnownFileType = sourcecode.swift; name = HueCell.swift; path = ../HueCell.swift; sourceTree = "<group>"; };
		DCA14B5F1DAFD0650086E53D /* HueBridge.swift */ = {isa = PBXFileReference; fileEncoding = 4; lastKnownFileType = sourcecode.swift; path = HueBridge.swift; sourceTree = "<group>"; };
		DCA14B681DAFD0E80086E53D /* BridgeViewController.swift */ = {isa = PBXFileReference; fileEncoding = 4; lastKnownFileType = sourcecode.swift; path = BridgeViewController.swift; sourceTree = "<group>"; };
		DCA14B6A1DAFD74B0086E53D /* HueDatabaseHelper.swift */ = {isa = PBXFileReference; fileEncoding = 4; lastKnownFileType = sourcecode.swift; path = HueDatabaseHelper.swift; sourceTree = "<group>"; };
		DCA14B6C1DAFD7C60086E53D /* libsqlite3.0.tbd */ = {isa = PBXFileReference; lastKnownFileType = "sourcecode.text-based-dylib-definition"; name = libsqlite3.0.tbd; path = usr/lib/libsqlite3.0.tbd; sourceTree = SDKROOT; };
		DCA14B6D1DAFD7C60086E53D /* libsqlite3.tbd */ = {isa = PBXFileReference; lastKnownFileType = "sourcecode.text-based-dylib-definition"; name = libsqlite3.tbd; path = usr/lib/libsqlite3.tbd; sourceTree = SDKROOT; };
		DCA14B701DAFD8E70086E53D /* Bridging-Header.h */ = {isa = PBXFileReference; fileEncoding = 4; lastKnownFileType = sourcecode.c.h; path = "Bridging-Header.h"; sourceTree = "<group>"; };
		DCC69EB21D9E4A60006C1F64 /* Philips Hue.app */ = {isa = PBXFileReference; explicitFileType = wrapper.application; includeInIndex = 0; path = "Philips Hue.app"; sourceTree = BUILT_PRODUCTS_DIR; };
		DCC69EB51D9E4A60006C1F64 /* AppDelegate.swift */ = {isa = PBXFileReference; lastKnownFileType = sourcecode.swift; path = AppDelegate.swift; sourceTree = "<group>"; };
		DCC69EB71D9E4A60006C1F64 /* ViewController.swift */ = {isa = PBXFileReference; lastKnownFileType = sourcecode.swift; path = ViewController.swift; sourceTree = "<group>"; };
		DCC69EBA1D9E4A60006C1F64 /* Base */ = {isa = PBXFileReference; lastKnownFileType = file.storyboard; name = Base; path = Base.lproj/Main.storyboard; sourceTree = "<group>"; };
		DCC69EBC1D9E4A60006C1F64 /* Assets.xcassets */ = {isa = PBXFileReference; lastKnownFileType = folder.assetcatalog; path = Assets.xcassets; sourceTree = "<group>"; };
		DCC69EBF1D9E4A60006C1F64 /* Base */ = {isa = PBXFileReference; lastKnownFileType = file.storyboard; name = Base; path = Base.lproj/LaunchScreen.storyboard; sourceTree = "<group>"; };
		DCC69EC11D9E4A60006C1F64 /* Info.plist */ = {isa = PBXFileReference; lastKnownFileType = text.plist.xml; path = Info.plist; sourceTree = "<group>"; };
		DCC69EC71D9E4B5E006C1F64 /* HueLamp.swift */ = {isa = PBXFileReference; fileEncoding = 4; lastKnownFileType = sourcecode.swift; path = HueLamp.swift; sourceTree = "<group>"; };
		DCC69EC91D9E4C1D006C1F64 /* DetailViewController.swift */ = {isa = PBXFileReference; fileEncoding = 4; lastKnownFileType = sourcecode.swift; path = DetailViewController.swift; sourceTree = "<group>"; };
		DCE5CA5F1D9E863500AA3C14 /* Alamofire.xcodeproj */ = {isa = PBXFileReference; lastKnownFileType = "wrapper.pb-project"; name = Alamofire.xcodeproj; path = Alamofire/Alamofire.xcodeproj; sourceTree = "<group>"; };
		DCFC0B301DB50F7700A937AE /* huebridges.sqlite */ = {isa = PBXFileReference; lastKnownFileType = file; path = huebridges.sqlite; sourceTree = "<group>"; };
/* End PBXFileReference section */

/* Begin PBXFrameworksBuildPhase section */
		DCC69EAF1D9E4A60006C1F64 /* Frameworks */ = {
			isa = PBXFrameworksBuildPhase;
			buildActionMask = 2147483647;
			files = (
				DCA14B6E1DAFD7C60086E53D /* libsqlite3.0.tbd in Frameworks */,
				DCA14B6F1DAFD7C60086E53D /* libsqlite3.tbd in Frameworks */,
				DCE5CA781D9E87CA00AA3C14 /* Alamofire.framework in Frameworks */,
				11260FF3D0626831C3CDAA92 /* Pods_Philips_Hue.framework in Frameworks */,
			);
			runOnlyForDeploymentPostprocessing = 0;
		};
/* End PBXFrameworksBuildPhase section */

/* Begin PBXGroup section */
		A57240617BE0DC92B57BEA24 /* Pods */ = {
			isa = PBXGroup;
			children = (
				AB44C41690E6E2881165D301 /* Pods-Philips Hue.debug.xcconfig */,
				029FDF90ECC7D2F79E46995D /* Pods-Philips Hue.release.xcconfig */,
			);
			name = Pods;
			sourceTree = "<group>";
		};
		B1E8E401617715505BBC80EA /* Frameworks */ = {
			isa = PBXGroup;
			children = (
				DCA14B6C1DAFD7C60086E53D /* libsqlite3.0.tbd */,
				DCA14B6D1DAFD7C60086E53D /* libsqlite3.tbd */,
				124B6B9C32F4EB517D9195B9 /* Pods_Philips_Hue.framework */,
			);
			name = Frameworks;
			sourceTree = "<group>";
		};
		DCC69EA91D9E4A60006C1F64 = {
			isa = PBXGroup;
			children = (
				DCE5CA5F1D9E863500AA3C14 /* Alamofire.xcodeproj */,
				DCC69EB41D9E4A60006C1F64 /* Philips Hue */,
				DCC69EB31D9E4A60006C1F64 /* Products */,
				A57240617BE0DC92B57BEA24 /* Pods */,
				B1E8E401617715505BBC80EA /* Frameworks */,
			);
			sourceTree = "<group>";
		};
		DCC69EB31D9E4A60006C1F64 /* Products */ = {
			isa = PBXGroup;
			children = (
				DCC69EB21D9E4A60006C1F64 /* Philips Hue.app */,
			);
			name = Products;
			sourceTree = "<group>";
		};
		DCC69EB41D9E4A60006C1F64 /* Philips Hue */ = {
			isa = PBXGroup;
			children = (
				DCFC0B301DB50F7700A937AE /* huebridges.sqlite */,
				DCA14B701DAFD8E70086E53D /* Bridging-Header.h */,
				DCC69EB51D9E4A60006C1F64 /* AppDelegate.swift */,
				DCC69EB71D9E4A60006C1F64 /* ViewController.swift */,
				DC9AF7031DA79A7C0041DA5E /* HueCell.swift */,
				DCC69EB91D9E4A60006C1F64 /* Main.storyboard */,
				DCC69EBC1D9E4A60006C1F64 /* Assets.xcassets */,
				DCC69EBE1D9E4A60006C1F64 /* LaunchScreen.storyboard */,
				DCC69EC11D9E4A60006C1F64 /* Info.plist */,
				DCC69EC71D9E4B5E006C1F64 /* HueLamp.swift */,
				DCC69EC91D9E4C1D006C1F64 /* DetailViewController.swift */,
				DCA14B5F1DAFD0650086E53D /* HueBridge.swift */,
				DCA14B681DAFD0E80086E53D /* BridgeViewController.swift */,
				DCA14B6A1DAFD74B0086E53D /* HueDatabaseHelper.swift */,
				DC80702C1DAFFAA90013DBC9 /* AddBridgeViewController.swift */,
			);
			path = "Philips Hue";
			sourceTree = "<group>";
		};
		DCE5CA601D9E863500AA3C14 /* Products */ = {
			isa = PBXGroup;
			children = (
				DCE5CA6B1D9E863500AA3C14 /* Alamofire.framework */,
				DCE5CA6D1D9E863500AA3C14 /* Alamofire iOS Tests.xctest */,
				DCE5CA6F1D9E863500AA3C14 /* Alamofire.framework */,
				DCE5CA711D9E863500AA3C14 /* Alamofire macOS Tests.xctest */,
				DCE5CA731D9E863500AA3C14 /* Alamofire.framework */,
				DCE5CA751D9E863500AA3C14 /* Alamofire tvOS Tests.xctest */,
				DCE5CA771D9E863500AA3C14 /* Alamofire.framework */,
			);
			name = Products;
			sourceTree = "<group>";
		};
/* End PBXGroup section */

/* Begin PBXNativeTarget section */
		DCC69EB11D9E4A60006C1F64 /* Philips Hue */ = {
			isa = PBXNativeTarget;
			buildConfigurationList = DCC69EC41D9E4A60006C1F64 /* Build configuration list for PBXNativeTarget "Philips Hue" */;
			buildPhases = (
				0C7A396EA4CE518D3D87FEEA /* [CP] Check Pods Manifest.lock */,
				DCC69EAE1D9E4A60006C1F64 /* Sources */,
				DCC69EAF1D9E4A60006C1F64 /* Frameworks */,
				DCC69EB01D9E4A60006C1F64 /* Resources */,
				DCE5CA7C1D9E87CB00AA3C14 /* Embed Frameworks */,
				BEC4531D141A3375B4E9F69C /* [CP] Embed Pods Frameworks */,
				4F531513617A6CF8ABFC4CA4 /* [CP] Copy Pods Resources */,
			);
			buildRules = (
			);
			dependencies = (
				DCE5CA7B1D9E87CB00AA3C14 /* PBXTargetDependency */,
			);
			name = "Philips Hue";
			productName = "Philips Hue";
			productReference = DCC69EB21D9E4A60006C1F64 /* Philips Hue.app */;
			productType = "com.apple.product-type.application";
		};
/* End PBXNativeTarget section */

/* Begin PBXProject section */
		DCC69EAA1D9E4A60006C1F64 /* Project object */ = {
			isa = PBXProject;
			attributes = {
				LastSwiftUpdateCheck = 0800;
				LastUpgradeCheck = 0800;
				ORGANIZATIONNAME = "Kasper Balink";
				TargetAttributes = {
					DCC69EB11D9E4A60006C1F64 = {
						CreatedOnToolsVersion = 8.0;
						DevelopmentTeam = AYAE6842V7;
						ProvisioningStyle = Automatic;
					};
				};
			};
			buildConfigurationList = DCC69EAD1D9E4A60006C1F64 /* Build configuration list for PBXProject "Philips Hue" */;
			compatibilityVersion = "Xcode 3.2";
			developmentRegion = English;
			hasScannedForEncodings = 0;
			knownRegions = (
				en,
				Base,
			);
			mainGroup = DCC69EA91D9E4A60006C1F64;
			productRefGroup = DCC69EB31D9E4A60006C1F64 /* Products */;
			projectDirPath = "";
			projectReferences = (
				{
					ProductGroup = DCE5CA601D9E863500AA3C14 /* Products */;
					ProjectRef = DCE5CA5F1D9E863500AA3C14 /* Alamofire.xcodeproj */;
				},
			);
			projectRoot = "";
			targets = (
				DCC69EB11D9E4A60006C1F64 /* Philips Hue */,
			);
		};
/* End PBXProject section */

/* Begin PBXReferenceProxy section */
		DCE5CA6B1D9E863500AA3C14 /* Alamofire.framework */ = {
			isa = PBXReferenceProxy;
			fileType = wrapper.framework;
			path = Alamofire.framework;
			remoteRef = DCE5CA6A1D9E863500AA3C14 /* PBXContainerItemProxy */;
			sourceTree = BUILT_PRODUCTS_DIR;
		};
		DCE5CA6D1D9E863500AA3C14 /* Alamofire iOS Tests.xctest */ = {
			isa = PBXReferenceProxy;
			fileType = wrapper.cfbundle;
			path = "Alamofire iOS Tests.xctest";
			remoteRef = DCE5CA6C1D9E863500AA3C14 /* PBXContainerItemProxy */;
			sourceTree = BUILT_PRODUCTS_DIR;
		};
		DCE5CA6F1D9E863500AA3C14 /* Alamofire.framework */ = {
			isa = PBXReferenceProxy;
			fileType = wrapper.framework;
			path = Alamofire.framework;
			remoteRef = DCE5CA6E1D9E863500AA3C14 /* PBXContainerItemProxy */;
			sourceTree = BUILT_PRODUCTS_DIR;
		};
		DCE5CA711D9E863500AA3C14 /* Alamofire macOS Tests.xctest */ = {
			isa = PBXReferenceProxy;
			fileType = wrapper.cfbundle;
			path = "Alamofire macOS Tests.xctest";
			remoteRef = DCE5CA701D9E863500AA3C14 /* PBXContainerItemProxy */;
			sourceTree = BUILT_PRODUCTS_DIR;
		};
		DCE5CA731D9E863500AA3C14 /* Alamofire.framework */ = {
			isa = PBXReferenceProxy;
			fileType = wrapper.framework;
			path = Alamofire.framework;
			remoteRef = DCE5CA721D9E863500AA3C14 /* PBXContainerItemProxy */;
			sourceTree = BUILT_PRODUCTS_DIR;
		};
		DCE5CA751D9E863500AA3C14 /* Alamofire tvOS Tests.xctest */ = {
			isa = PBXReferenceProxy;
			fileType = wrapper.cfbundle;
			path = "Alamofire tvOS Tests.xctest";
			remoteRef = DCE5CA741D9E863500AA3C14 /* PBXContainerItemProxy */;
			sourceTree = BUILT_PRODUCTS_DIR;
		};
		DCE5CA771D9E863500AA3C14 /* Alamofire.framework */ = {
			isa = PBXReferenceProxy;
			fileType = wrapper.framework;
			path = Alamofire.framework;
			remoteRef = DCE5CA761D9E863500AA3C14 /* PBXContainerItemProxy */;
			sourceTree = BUILT_PRODUCTS_DIR;
		};
/* End PBXReferenceProxy section */

/* Begin PBXResourcesBuildPhase section */
		DCC69EB01D9E4A60006C1F64 /* Resources */ = {
			isa = PBXResourcesBuildPhase;
			buildActionMask = 2147483647;
			files = (
				DCFC0B311DB50F7700A937AE /* huebridges.sqlite in Resources */,
				DCC69EC01D9E4A60006C1F64 /* LaunchScreen.storyboard in Resources */,
				DCC69EBD1D9E4A60006C1F64 /* Assets.xcassets in Resources */,
				DCC69EBB1D9E4A60006C1F64 /* Main.storyboard in Resources */,
			);
			runOnlyForDeploymentPostprocessing = 0;
		};
/* End PBXResourcesBuildPhase section */

/* Begin PBXShellScriptBuildPhase section */
		0C7A396EA4CE518D3D87FEEA /* [CP] Check Pods Manifest.lock */ = {
			isa = PBXShellScriptBuildPhase;
			buildActionMask = 2147483647;
			files = (
			);
			inputPaths = (
			);
			name = "[CP] Check Pods Manifest.lock";
			outputPaths = (
			);
			runOnlyForDeploymentPostprocessing = 0;
			shellPath = /bin/sh;
			shellScript = "diff \"${PODS_ROOT}/../Podfile.lock\" \"${PODS_ROOT}/Manifest.lock\" > /dev/null\nif [ $? != 0 ] ; then\n    # print error to STDERR\n    echo \"error: The sandbox is not in sync with the Podfile.lock. Run 'pod install' or update your CocoaPods installation.\" >&2\n    exit 1\nfi\n";
			showEnvVarsInLog = 0;
		};
		4F531513617A6CF8ABFC4CA4 /* [CP] Copy Pods Resources */ = {
			isa = PBXShellScriptBuildPhase;
			buildActionMask = 2147483647;
			files = (
			);
			inputPaths = (
			);
			name = "[CP] Copy Pods Resources";
			outputPaths = (
			);
			runOnlyForDeploymentPostprocessing = 0;
			shellPath = /bin/sh;
			shellScript = "\"${SRCROOT}/Pods/Target Support Files/Pods-Philips Hue/Pods-Philips Hue-resources.sh\"\n";
			showEnvVarsInLog = 0;
		};
		BEC4531D141A3375B4E9F69C /* [CP] Embed Pods Frameworks */ = {
			isa = PBXShellScriptBuildPhase;
			buildActionMask = 2147483647;
			files = (
			);
			inputPaths = (
			);
			name = "[CP] Embed Pods Frameworks";
			outputPaths = (
			);
			runOnlyForDeploymentPostprocessing = 0;
			shellPath = /bin/sh;
			shellScript = "\"${SRCROOT}/Pods/Target Support Files/Pods-Philips Hue/Pods-Philips Hue-frameworks.sh\"\n";
			showEnvVarsInLog = 0;
		};
/* End PBXShellScriptBuildPhase section */

/* Begin PBXSourcesBuildPhase section */
		DCC69EAE1D9E4A60006C1F64 /* Sources */ = {
			isa = PBXSourcesBuildPhase;
			buildActionMask = 2147483647;
			files = (
				DCC69EC81D9E4B5E006C1F64 /* HueLamp.swift in Sources */,
				DCA14B6B1DAFD74B0086E53D /* HueDatabaseHelper.swift in Sources */,
				DCA14B601DAFD0650086E53D /* HueBridge.swift in Sources */,
				DCC69EB81D9E4A60006C1F64 /* ViewController.swift in Sources */,
				DC9AF7041DA79A7C0041DA5E /* HueCell.swift in Sources */,
				DCC69EB61D9E4A60006C1F64 /* AppDelegate.swift in Sources */,
				DCC69ECA1D9E4C1D006C1F64 /* DetailViewController.swift in Sources */,
				DC80702D1DAFFAA90013DBC9 /* AddBridgeViewController.swift in Sources */,
				DCA14B691DAFD0E80086E53D /* BridgeViewController.swift in Sources */,
			);
			runOnlyForDeploymentPostprocessing = 0;
		};
/* End PBXSourcesBuildPhase section */

/* Begin PBXTargetDependency section */
		DCE5CA7B1D9E87CB00AA3C14 /* PBXTargetDependency */ = {
			isa = PBXTargetDependency;
			name = "Alamofire iOS";
			targetProxy = DCE5CA7A1D9E87CB00AA3C14 /* PBXContainerItemProxy */;
		};
/* End PBXTargetDependency section */

/* Begin PBXVariantGroup section */
		DCC69EB91D9E4A60006C1F64 /* Main.storyboard */ = {
			isa = PBXVariantGroup;
			children = (
				DCC69EBA1D9E4A60006C1F64 /* Base */,
			);
			name = Main.storyboard;
			sourceTree = "<group>";
		};
		DCC69EBE1D9E4A60006C1F64 /* LaunchScreen.storyboard */ = {
			isa = PBXVariantGroup;
			children = (
				DCC69EBF1D9E4A60006C1F64 /* Base */,
			);
			name = LaunchScreen.storyboard;
			sourceTree = "<group>";
		};
/* End PBXVariantGroup section */

/* Begin XCBuildConfiguration section */
		DCC69EC21D9E4A60006C1F64 /* Debug */ = {
			isa = XCBuildConfiguration;
			buildSettings = {
				ALWAYS_SEARCH_USER_PATHS = NO;
				CLANG_ANALYZER_NONNULL = YES;
				CLANG_CXX_LANGUAGE_STANDARD = "gnu++0x";
				CLANG_CXX_LIBRARY = "libc++";
				CLANG_ENABLE_MODULES = YES;
				CLANG_ENABLE_OBJC_ARC = YES;
				CLANG_WARN_BOOL_CONVERSION = YES;
				CLANG_WARN_CONSTANT_CONVERSION = YES;
				CLANG_WARN_DIRECT_OBJC_ISA_USAGE = YES_ERROR;
				CLANG_WARN_DOCUMENTATION_COMMENTS = YES;
				CLANG_WARN_EMPTY_BODY = YES;
				CLANG_WARN_ENUM_CONVERSION = YES;
				CLANG_WARN_INFINITE_RECURSION = YES;
				CLANG_WARN_INT_CONVERSION = YES;
				CLANG_WARN_OBJC_ROOT_CLASS = YES_ERROR;
				CLANG_WARN_SUSPICIOUS_MOVE = YES;
				CLANG_WARN_SUSPICIOUS_MOVES = YES;
				CLANG_WARN_UNREACHABLE_CODE = YES;
				CLANG_WARN__DUPLICATE_METHOD_MATCH = YES;
				"CODE_SIGN_IDENTITY[sdk=iphoneos*]" = "iPhone Developer";
				COPY_PHASE_STRIP = NO;
				DEBUG_INFORMATION_FORMAT = dwarf;
				ENABLE_STRICT_OBJC_MSGSEND = YES;
				ENABLE_TESTABILITY = YES;
				GCC_C_LANGUAGE_STANDARD = gnu99;
				GCC_DYNAMIC_NO_PIC = NO;
				GCC_NO_COMMON_BLOCKS = YES;
				GCC_OPTIMIZATION_LEVEL = 0;
				GCC_PREPROCESSOR_DEFINITIONS = (
					"DEBUG=1",
					"$(inherited)",
				);
				GCC_WARN_64_TO_32_BIT_CONVERSION = YES;
				GCC_WARN_ABOUT_RETURN_TYPE = YES_ERROR;
				GCC_WARN_UNDECLARED_SELECTOR = YES;
				GCC_WARN_UNINITIALIZED_AUTOS = YES_AGGRESSIVE;
				GCC_WARN_UNUSED_FUNCTION = YES;
				GCC_WARN_UNUSED_VARIABLE = YES;
				IPHONEOS_DEPLOYMENT_TARGET = 10.0;
				MTL_ENABLE_DEBUG_INFO = YES;
				ONLY_ACTIVE_ARCH = YES;
				SDKROOT = iphoneos;
				SWIFT_ACTIVE_COMPILATION_CONDITIONS = DEBUG;
				SWIFT_OBJC_BRIDGING_HEADER = "Philips Hue/Philips Hue/Bridging-Header.h";
				SWIFT_OPTIMIZATION_LEVEL = "-Onone";
				TARGETED_DEVICE_FAMILY = "1,2";
			};
			name = Debug;
		};
		DCC69EC31D9E4A60006C1F64 /* Release */ = {
			isa = XCBuildConfiguration;
			buildSettings = {
				ALWAYS_SEARCH_USER_PATHS = NO;
				CLANG_ANALYZER_NONNULL = YES;
				CLANG_CXX_LANGUAGE_STANDARD = "gnu++0x";
				CLANG_CXX_LIBRARY = "libc++";
				CLANG_ENABLE_MODULES = YES;
				CLANG_ENABLE_OBJC_ARC = YES;
				CLANG_WARN_BOOL_CONVERSION = YES;
				CLANG_WARN_CONSTANT_CONVERSION = YES;
				CLANG_WARN_DIRECT_OBJC_ISA_USAGE = YES_ERROR;
				CLANG_WARN_DOCUMENTATION_COMMENTS = YES;
				CLANG_WARN_EMPTY_BODY = YES;
				CLANG_WARN_ENUM_CONVERSION = YES;
				CLANG_WARN_INFINITE_RECURSION = YES;
				CLANG_WARN_INT_CONVERSION = YES;
				CLANG_WARN_OBJC_ROOT_CLASS = YES_ERROR;
				CLANG_WARN_SUSPICIOUS_MOVE = YES;
				CLANG_WARN_SUSPICIOUS_MOVES = YES;
				CLANG_WARN_UNREACHABLE_CODE = YES;
				CLANG_WARN__DUPLICATE_METHOD_MATCH = YES;
				"CODE_SIGN_IDENTITY[sdk=iphoneos*]" = "iPhone Developer";
				COPY_PHASE_STRIP = NO;
				DEBUG_INFORMATION_FORMAT = "dwarf-with-dsym";
				ENABLE_NS_ASSERTIONS = NO;
				ENABLE_STRICT_OBJC_MSGSEND = YES;
				GCC_C_LANGUAGE_STANDARD = gnu99;
				GCC_NO_COMMON_BLOCKS = YES;
				GCC_WARN_64_TO_32_BIT_CONVERSION = YES;
				GCC_WARN_ABOUT_RETURN_TYPE = YES_ERROR;
				GCC_WARN_UNDECLARED_SELECTOR = YES;
				GCC_WARN_UNINITIALIZED_AUTOS = YES_AGGRESSIVE;
				GCC_WARN_UNUSED_FUNCTION = YES;
				GCC_WARN_UNUSED_VARIABLE = YES;
				IPHONEOS_DEPLOYMENT_TARGET = 10.0;
				MTL_ENABLE_DEBUG_INFO = NO;
				SDKROOT = iphoneos;
				SWIFT_OBJC_BRIDGING_HEADER = "Philips Hue/Philips Hue/Bridging-Header.h";
				SWIFT_OPTIMIZATION_LEVEL = "-Owholemodule";
				TARGETED_DEVICE_FAMILY = "1,2";
				VALIDATE_PRODUCT = YES;
			};
			name = Release;
		};
		DCC69EC51D9E4A60006C1F64 /* Debug */ = {
			isa = XCBuildConfiguration;
			baseConfigurationReference = AB44C41690E6E2881165D301 /* Pods-Philips Hue.debug.xcconfig */;
			buildSettings = {
				ALWAYS_EMBED_SWIFT_STANDARD_LIBRARIES = YES;
				ASSETCATALOG_COMPILER_APPICON_NAME = AppIcon;
				DEVELOPMENT_TEAM = AYAE6842V7;
				INFOPLIST_FILE = "Philips Hue/Info.plist";
				LD_RUNPATH_SEARCH_PATHS = "$(inherited) @executable_path/Frameworks";
				PRODUCT_BUNDLE_IDENTIFIER = "KasperBalink.Philips-Hue";
				PRODUCT_NAME = "$(TARGET_NAME)";
				SWIFT_OBJC_BRIDGING_HEADER = "Philips Hue/Bridging-Header.h";
				SWIFT_VERSION = 3.0;
			};
			name = Debug;
		};
		DCC69EC61D9E4A60006C1F64 /* Release */ = {
			isa = XCBuildConfiguration;
			baseConfigurationReference = 029FDF90ECC7D2F79E46995D /* Pods-Philips Hue.release.xcconfig */;
			buildSettings = {
				ALWAYS_EMBED_SWIFT_STANDARD_LIBRARIES = YES;
				ASSETCATALOG_COMPILER_APPICON_NAME = AppIcon;
				DEVELOPMENT_TEAM = AYAE6842V7;
				INFOPLIST_FILE = "Philips Hue/Info.plist";
				LD_RUNPATH_SEARCH_PATHS = "$(inherited) @executable_path/Frameworks";
				PRODUCT_BUNDLE_IDENTIFIER = "KasperBalink.Philips-Hue";
				PRODUCT_NAME = "$(TARGET_NAME)";
				SWIFT_OBJC_BRIDGING_HEADER = "Philips Hue/Bridging-Header.h";
				SWIFT_VERSION = 3.0;
			};
			name = Release;
		};
/* End XCBuildConfiguration section */

/* Begin XCConfigurationList section */
		DCC69EAD1D9E4A60006C1F64 /* Build configuration list for PBXProject "Philips Hue" */ = {
			isa = XCConfigurationList;
			buildConfigurations = (
				DCC69EC21D9E4A60006C1F64 /* Debug */,
				DCC69EC31D9E4A60006C1F64 /* Release */,
			);
			defaultConfigurationIsVisible = 0;
			defaultConfigurationName = Release;
		};
		DCC69EC41D9E4A60006C1F64 /* Build configuration list for PBXNativeTarget "Philips Hue" */ = {
			isa = XCConfigurationList;
			buildConfigurations = (
				DCC69EC51D9E4A60006C1F64 /* Debug */,
				DCC69EC61D9E4A60006C1F64 /* Release */,
			);
			defaultConfigurationIsVisible = 0;
			defaultConfigurationName = Release;
		};
/* End XCConfigurationList section */
	};
	rootObject = DCC69EAA1D9E4A60006C1F64 /* Project object */;
}
